{
  "name": "chat-example",
  "version": "0.0.0",
  "lockfileVersion": 1,
  "requires": true,
  "dependencies": {
    "active-x-obfuscator": {
      "version": "0.0.1",
      "resolved": "https://registry.npmjs.org/active-x-obfuscator/-/active-x-obfuscator-0.0.1.tgz",
      "integrity": "sha1-CJuJs3FF/x2ex0r2UwvlUmyuHxo=",
      "requires": {
        "zeparser": "0.0.5"
      }
    },
    "async": {
      "version": "0.2.10",
      "resolved": "https://registry.npmjs.org/async/-/async-0.2.10.tgz",
      "integrity": "sha1-trvgsGdLnXGXCMo43owjfLUmw9E="
    },
    "base64id": {
      "version": "0.1.0",
      "resolved": "https://registry.npmjs.org/base64id/-/base64id-0.1.0.tgz",
      "integrity": "sha1-As4P3u4M709ACA4ec+g08LG/zj8="
    },
    "buffer-crc32": {
      "version": "0.2.1",
      "resolved": "https://registry.npmjs.org/buffer-crc32/-/buffer-crc32-0.2.1.tgz",
      "integrity": "sha1-vj5TgvwCttYySVasGvmKqYsIU0w="
    },
    "bytes": {
      "version": "0.2.0",
      "resolved": "https://registry.npmjs.org/bytes/-/bytes-0.2.0.tgz",
      "integrity": "sha1-qtM+wU49wsp06OfUUfm6BTrU96A="
    },
    "commander": {
      "version": "0.6.1",
      "resolved": "https://registry.npmjs.org/commander/-/commander-0.6.1.tgz",
      "integrity": "sha1-+mihT2qUXVTbvlDYzbMyDp47GgY="
    },
    "connect": {
      "version": "2.7.11",
      "resolved": "https://registry.npmjs.org/connect/-/connect-2.7.11.tgz",
      "integrity": "sha1-9WHV7vcLjXGcOX9yTTS6QGXHej4=",
      "requires": {
        "buffer-crc32": "0.2.1",
        "bytes": "0.2.0",
        "cookie": "0.0.5",
        "cookie-signature": "1.0.1",
        "debug": "*",
        "formidable": "1.0.14",
        "fresh": "0.1.0",
        "pause": "0.0.1",
        "qs": "0.6.5",
        "send": "0.1.1"
      },
      "dependencies": {
        "cookie": {
          "version": "0.0.5",
          "resolved": "https://registry.npmjs.org/cookie/-/cookie-0.0.5.tgz",
          "integrity": "sha1-+az521frdWjJ/MWWJWt7si4wfIE="
        },
        "send": {
          "version": "0.1.1",
          "resolved": "https://registry.npmjs.org/send/-/send-0.1.1.tgz",
          "integrity": "sha1-C8/L0D3vbi2GEuGr+PSJW0UMYMg=",
          "requires": {
            "debug": "*",
            "fresh": "0.1.0",
            "mime": "~1.2.9",
            "range-parser": "0.0.4"
          }
        }
      }
    },
    "cookie": {
      "version": "0.1.0",
      "resolved": "https://registry.npmjs.org/cookie/-/cookie-0.1.0.tgz",
      "integrity": "sha1-kOtGndzpBchm3mh+/EMTHYgB+dA="
    },
    "cookie-signature": {
      "version": "1.0.1",
      "resolved": "https://registry.npmjs.org/cookie-signature/-/cookie-signature-1.0.1.tgz",
      "integrity": "sha1-ROByFIrwHm6OJK+/EmkNaK5pjss="
    },
    "debug": {
      "version": "4.1.1",
      "resolved": "https://registry.npmjs.org/debug/-/debug-4.1.1.tgz",
      "integrity": "sha512-pYAIzeRo8J6KPEaJ0VWOh5Pzkbw/RetuzehGM7QRRX5he4fPHx2rdKMB256ehJCkX+XRQm16eZLqLNS8RSZXZw==",
      "requires": {
        "ms": "^2.1.1"
      }
    },
    "express": {
      "version": "3.2.6",
      "resolved": "https://registry.npmjs.org/express/-/express-3.2.6.tgz",
      "integrity": "sha1-2Kn+BlrcI8W0HsLGicZysmFDD/w=",
      "requires": {
        "buffer-crc32": "0.2.1",
        "commander": "0.6.1",
        "connect": "2.7.11",
        "cookie": "0.1.0",
        "cookie-signature": "1.0.1",
        "debug": "*",
        "fresh": "0.1.0",
        "methods": "0.0.1",
        "mkdirp": "0.3.4",
        "range-parser": "0.0.4",
        "send": "0.1.0"
      }
    },
    "formidable": {
      "version": "1.0.14",
      "resolved": "https://registry.npmjs.org/formidable/-/formidable-1.0.14.tgz",
      "integrity": "sha1-Kz9MQRy7X91pXESEPiojUUpDIxo="
    },
    "fresh": {
      "version": "0.1.0",
      "resolved": "https://registry.npmjs.org/fresh/-/fresh-0.1.0.tgz",
      "integrity": "sha1-A+SwF4Qk5MLV0ZpU2IFM3JeTSFA="
    },
    "methods": {
      "version": "0.0.1",
      "resolved": "https://registry.npmjs.org/methods/-/methods-0.0.1.tgz",
      "integrity": "sha1-J3yQ+L7zlwlkWoNxxRw7bGSOBow="
    },
    "mime": {
      "version": "1.2.11",
      "resolved": "https://registry.npmjs.org/mime/-/mime-1.2.11.tgz",
      "integrity": "sha1-WCA+7Ybjpe8XrtK32evUfwpg3RA="
    },
    "mkdirp": {
      "version": "0.3.4",
      "resolved": "https://registry.npmjs.org/mkdirp/-/mkdirp-0.3.4.tgz",
      "integrity": "sha1-+MgdITtymaAx8ZOlfXUqF9L2x9g="
    },
    "ms": {
      "version": "2.1.1",
      "resolved": "https://registry.npmjs.org/ms/-/ms-2.1.1.tgz",
      "integrity": "sha512-tgp+dl5cGk28utYktBsrFqA7HKgrhgPsg6Z/EfhWI4gl1Hwq8B/GmY/0oXZ6nF8hDVesS/FpnYaD/kOWhYQvyg=="
    },
    "nan": {
      "version": "1.0.0",
      "resolved": "https://registry.npmjs.org/nan/-/nan-1.0.0.tgz",
      "integrity": "sha1-riT4hQgY1mL8q1rPfzuVv6oszzg="
    },
    "options": {
      "version": "0.0.6",
      "resolved": "https://registry.npmjs.org/options/-/options-0.0.6.tgz",
      "integrity": "sha1-7CLTEoBrtT5zF3Pnza788cZDEo8="
    },
    "pause": {
      "version": "0.0.1",
      "resolved": "https://registry.npmjs.org/pause/-/pause-0.0.1.tgz",
      "integrity": "sha1-HUCLP9t2kjuVQ9lvtMnf1TXZy10="
    },
    "policyfile": {
      "version": "0.0.4",
      "resolved": "https://registry.npmjs.org/policyfile/-/policyfile-0.0.4.tgz",
      "integrity": "sha1-1rgurZiueeviKOLa9ZAzEeyYLk0="
    },
    "qs": {
      "version": "0.6.5",
      "resolved": "https://registry.npmjs.org/qs/-/qs-0.6.5.tgz",
      "integrity": "sha1-KUsmjksNQlD23eGbO4s0k13/FO8="
    },
    "range-parser": {
      "version": "0.0.4",
      "resolved": "https://registry.npmjs.org/range-parser/-/range-parser-0.0.4.tgz",
      "integrity": "sha1-wEJ//vUcEKy6B4KkbJYC50T/Ygs="
    },
    "redis": {
      "version": "0.7.3",
      "resolved": "https://registry.npmjs.org/redis/-/redis-0.7.3.tgz",
      "integrity": "sha1-7le3pE0l7BWU5ENl2BZfp9HUgRo=",
      "optional": true
    },
    "send": {
      "version": "0.1.0",
      "resolved": "https://registry.npmjs.org/send/-/send-0.1.0.tgz",
      "integrity": "sha1-z7COvTzsm3/Bo32f+eh1qXHPRkA=",
      "requires": {
        "debug": "*",
        "fresh": "0.1.0",
        "mime": "1.2.6",
        "range-parser": "0.0.4"
      },
      "dependencies": {
        "mime": {
          "version": "1.2.6",
          "resolved": "https://registry.npmjs.org/mime/-/mime-1.2.6.tgz",
          "integrity": "sha1-sfhsdowCX6h7SAdfFwnyiuryA2U="
        }
      }
    },
    "socket.io": {
      "version": "0.9.19",
      "resolved": "https://registry.npmjs.org/socket.io/-/socket.io-0.9.19.tgz",
      "integrity": "sha1-SQu1/Q3FTPAC7gTmf638Q7hIo48=",
      "requires": {
        "base64id": "0.1.0",
        "policyfile": "0.0.4",
        "redis": "0.7.3",
        "socket.io-client": "0.9.16"
      }
    },
    "socket.io-client": {
      "version": "0.9.16",
      "resolved": "https://registry.npmjs.org/socket.io-client/-/socket.io-client-0.9.16.tgz",
      "integrity": "sha1-TadRXF53MEHRtCOXBBW8xDDzX8Y=",
      "requires": {
        "active-x-obfuscator": "0.0.1",
        "uglify-js": "1.2.5",
        "ws": "0.4.x",
        "xmlhttprequest": "1.4.2"
      }
    },
    "tinycolor": {
      "version": "0.0.1",
      "resolved": "https://registry.npmjs.org/tinycolor/-/tinycolor-0.0.1.tgz",
      "integrity": "sha1-MgtaUtg6u1l42Bo+iH1K77FaYWQ="
    },
    "uglify-js": {
      "version": "1.2.5",
      "resolved": "https://registry.npmjs.org/uglify-js/-/uglify-js-1.2.5.tgz",
      "integrity": "sha1-tULCx29477NLIAsgF3Y0Mw/3ArY="
    },
    "ws": {
      "version": "0.4.32",
      "resolved": "https://registry.npmjs.org/ws/-/ws-0.4.32.tgz",
      "integrity": "sha1-eHphVEFPPJntg8V3IVOyD+sM7DI=",
      "requires": {
        "commander": "~2.1.0",
        "nan": "~1.0.0",
        "options": ">=0.0.5",
        "tinycolor": "0.x"
      },
      "dependencies": {
        "commander": {
          "version": "2.1.0",
          "resolved": "https://registry.npmjs.org/commander/-/commander-2.1.0.tgz",
          "integrity": "sha1-0SG7roYNmZKj1Re6lvVliOR8Z4E="
        }
      }
    },
    "xmlhttprequest": {
      "version": "1.4.2",
      "resolved": "https://registry.npmjs.org/xmlhttprequest/-/xmlhttprequest-1.4.2.tgz",
      "integrity": "sha1-AUU6HZvtHo8XL2SVu/TIxCYyFQA="
    },
    "zeparser": {
      "version": "0.0.5",
      "resolved": "https://registry.npmjs.org/zeparser/-/zeparser-0.0.5.tgz",
      "integrity": "sha1-A3JlYbwmjy5URPVMZlt/1KjAKeI="
    }
  }
}
